
Microsoft Visual Studio Solution File, Format Version 12.00
# Visual Studio Version 17
VisualStudioVersion = 17.0.31903.59
MinimumVisualStudioVersion = 10.0.40219.1
Project("{2150E333-8FDC-42A3-9474-1A3956D46DE8}") = "src", "src", "{827E0CD3-B72D-47B6-A68D-7590B98EB39B}"
EndProject
Project("{F2A71F9B-5D33-465A-A702-920D77279786}") = "FSharp.Azure.Quantum", "src\FSharp.Azure.Quantum\FSharp.Azure.Quantum.fsproj", "{2DC08396-ABDD-49BA-97A1-02DDFC5D224E}"
EndProject
Project("{2150E333-8FDC-42A3-9474-1A3956D46DE8}") = "tests", "tests", "{0AB3BF05-4346-4AA6-1389-037BE0695223}"
EndProject
Project("{F2A71F9B-5D33-465A-A702-920D77279786}") = "FSharp.Azure.Quantum.Tests", "tests\FSharp.Azure.Quantum.Tests\FSharp.Azure.Quantum.Tests.fsproj", "{50DE6977-D175-46EC-A511-B172064EB5E5}"
EndProject
Project("{F2A71F9B-5D33-465A-A702-920D77279786}") = "FSharp.Azure.Quantum.Topological", "src\FSharp.Azure.Quantum.Topological\FSharp.Azure.Quantum.Topological.fsproj", "{EDF2D5D1-B216-4477-B942-9C9B6D960840}"
EndProject
Project("{F2A71F9B-5D33-465A-A702-920D77279786}") = "FSharp.Azure.Quantum.Topological.Tests", "tests\FSharp.Azure.Quantum.Topological.Tests\FSharp.Azure.Quantum.Topological.Tests.fsproj", "{7C5482A2-E98B-42AC-ACC1-5079B008F4FE}"
EndProject
Project("{2150E333-8FDC-42A3-9474-1A3956D46DE8}") = "examples", "examples", "{B36A84DF-456D-A817-6EDD-3EC3E7F6E11F}"
EndProject
Project("{2150E333-8FDC-42A3-9474-1A3956D46DE8}") = "Kasino", "Kasino", "{F3E20B0D-CEED-F7C5-110D-E3294E5B36F3}"
EndProject
Project("{FAE04EC0-301F-11D3-BF4B-00C04F79EFBC}") = "KasinoExample", "examples\Kasino\CSharp\KasinoExample\KasinoExample.csproj", "{7F0BC746-927B-483A-AA70-0D5BDE5884CD}"
EndProject
Project("{2150E333-8FDC-42A3-9474-1A3956D46DE8}") = "InvestmentPortfolio", "InvestmentPortfolio", "{B9F9C642-61C3-5B05-531A-4E500983DEBB}"
EndProject
Project("{FAE04EC0-301F-11D3-BF4B-00C04F79EFBC}") = "PortfolioExample", "examples\InvestmentPortfolio\CSharp\PortfolioExample\PortfolioExample.csproj", "{24C1285F-99FE-4C71-8ECB-92EFC8FEE734}"
EndProject
Project("{F2A71F9B-5D33-465A-A702-920D77279786}") = "Gomoku", "examples\Gomoku\Gomoku.fsproj", "{4F5FBFC2-02B9-4D1B-83F5-CE57B1A26F73}"
EndProject
Project("{2150E333-8FDC-42A3-9474-1A3956D46DE8}") = "Drone", "Drone", "{88E0619D-1778-4A22-D5FD-70F62D1BAB21}"
EndProject

Global
	GlobalSection(SolutionConfigurationPlatforms) = preSolution
		Debug|Any CPU = Debug|Any CPU
		Debug|x64 = Debug|x64
		Debug|x86 = Debug|x86
		Release|Any CPU = Release|Any CPU
		Release|x64 = Release|x64
		Release|x86 = Release|x86
	EndGlobalSection
	GlobalSection(ProjectConfigurationPlatforms) = postSolution
		{2DC08396-ABDD-49BA-97A1-02DDFC5D224E}.Debug|Any CPU.ActiveCfg = Debug|Any CPU
		{2DC08396-ABDD-49BA-97A1-02DDFC5D224E}.Debug|Any CPU.Build.0 = Debug|Any CPU
		{2DC08396-ABDD-49BA-97A1-02DDFC5D224E}.Debug|x64.ActiveCfg = Debug|Any CPU
		{2DC08396-ABDD-49BA-97A1-02DDFC5D224E}.Debug|x64.Build.0 = Debug|Any CPU
		{2DC08396-ABDD-49BA-97A1-02DDFC5D224E}.Debug|x86.ActiveCfg = Debug|Any CPU
		{2DC08396-ABDD-49BA-97A1-02DDFC5D224E}.Debug|x86.Build.0 = Debug|Any CPU
		{2DC08396-ABDD-49BA-97A1-02DDFC5D224E}.Release|Any CPU.ActiveCfg = Release|Any CPU
		{2DC08396-ABDD-49BA-97A1-02DDFC5D224E}.Release|Any CPU.Build.0 = Release|Any CPU
		{2DC08396-ABDD-49BA-97A1-02DDFC5D224E}.Release|x64.ActiveCfg = Release|Any CPU
		{2DC08396-ABDD-49BA-97A1-02DDFC5D224E}.Release|x64.Build.0 = Release|Any CPU
		{2DC08396-ABDD-49BA-97A1-02DDFC5D224E}.Release|x86.ActiveCfg = Release|Any CPU
		{2DC08396-ABDD-49BA-97A1-02DDFC5D224E}.Release|x86.Build.0 = Release|Any CPU
		{50DE6977-D175-46EC-A511-B172064EB5E5}.Debug|Any CPU.ActiveCfg = Debug|Any CPU
		{50DE6977-D175-46EC-A511-B172064EB5E5}.Debug|Any CPU.Build.0 = Debug|Any CPU
		{50DE6977-D175-46EC-A511-B172064EB5E5}.Debug|x64.ActiveCfg = Debug|Any CPU
		{50DE6977-D175-46EC-A511-B172064EB5E5}.Debug|x64.Build.0 = Debug|Any CPU
		{50DE6977-D175-46EC-A511-B172064EB5E5}.Debug|x86.ActiveCfg = Debug|Any CPU
		{50DE6977-D175-46EC-A511-B172064EB5E5}.Debug|x86.Build.0 = Debug|Any CPU
		{50DE6977-D175-46EC-A511-B172064EB5E5}.Release|Any CPU.ActiveCfg = Release|Any CPU
		{50DE6977-D175-46EC-A511-B172064EB5E5}.Release|Any CPU.Build.0 = Release|Any CPU
		{50DE6977-D175-46EC-A511-B172064EB5E5}.Release|x64.ActiveCfg = Release|Any CPU
		{50DE6977-D175-46EC-A511-B172064EB5E5}.Release|x64.Build.0 = Release|Any CPU
		{50DE6977-D175-46EC-A511-B172064EB5E5}.Release|x86.ActiveCfg = Release|Any CPU
		{50DE6977-D175-46EC-A511-B172064EB5E5}.Release|x86.Build.0 = Release|Any CPU
		{EDF2D5D1-B216-4477-B942-9C9B6D960840}.Debug|Any CPU.ActiveCfg = Debug|Any CPU
		{EDF2D5D1-B216-4477-B942-9C9B6D960840}.Debug|Any CPU.Build.0 = Debug|Any CPU
		{EDF2D5D1-B216-4477-B942-9C9B6D960840}.Debug|x64.ActiveCfg = Debug|Any CPU
		{EDF2D5D1-B216-4477-B942-9C9B6D960840}.Debug|x64.Build.0 = Debug|Any CPU
		{EDF2D5D1-B216-4477-B942-9C9B6D960840}.Debug|x86.ActiveCfg = Debug|Any CPU
		{EDF2D5D1-B216-4477-B942-9C9B6D960840}.Debug|x86.Build.0 = Debug|Any CPU
		{EDF2D5D1-B216-4477-B942-9C9B6D960840}.Release|Any CPU.ActiveCfg = Release|Any CPU
		{EDF2D5D1-B216-4477-B942-9C9B6D960840}.Release|Any CPU.Build.0 = Release|Any CPU
		{EDF2D5D1-B216-4477-B942-9C9B6D960840}.Release|x64.ActiveCfg = Release|Any CPU
		{EDF2D5D1-B216-4477-B942-9C9B6D960840}.Release|x64.Build.0 = Release|Any CPU
		{EDF2D5D1-B216-4477-B942-9C9B6D960840}.Release|x86.ActiveCfg = Release|Any CPU
		{EDF2D5D1-B216-4477-B942-9C9B6D960840}.Release|x86.Build.0 = Release|Any CPU
		{7C5482A2-E98B-42AC-ACC1-5079B008F4FE}.Debug|Any CPU.ActiveCfg = Debug|Any CPU
		{7C5482A2-E98B-42AC-ACC1-5079B008F4FE}.Debug|Any CPU.Build.0 = Debug|Any CPU
		{7C5482A2-E98B-42AC-ACC1-5079B008F4FE}.Debug|x64.ActiveCfg = Debug|Any CPU
		{7C5482A2-E98B-42AC-ACC1-5079B008F4FE}.Debug|x64.Build.0 = Debug|Any CPU
		{7C5482A2-E98B-42AC-ACC1-5079B008F4FE}.Debug|x86.ActiveCfg = Debug|Any CPU
		{7C5482A2-E98B-42AC-ACC1-5079B008F4FE}.Debug|x86.Build.0 = Debug|Any CPU
		{7C5482A2-E98B-42AC-ACC1-5079B008F4FE}.Release|Any CPU.ActiveCfg = Release|Any CPU
		{7C5482A2-E98B-42AC-ACC1-5079B008F4FE}.Release|Any CPU.Build.0 = Release|Any CPU
		{7C5482A2-E98B-42AC-ACC1-5079B008F4FE}.Release|x64.ActiveCfg = Release|Any CPU
		{7C5482A2-E98B-42AC-ACC1-5079B008F4FE}.Release|x64.Build.0 = Release|Any CPU
		{7C5482A2-E98B-42AC-ACC1-5079B008F4FE}.Release|x86.ActiveCfg = Release|Any CPU
		{7C5482A2-E98B-42AC-ACC1-5079B008F4FE}.Release|x86.Build.0 = Release|Any CPU
		{7F0BC746-927B-483A-AA70-0D5BDE5884CD}.Debug|Any CPU.ActiveCfg = Debug|Any CPU
		{7F0BC746-927B-483A-AA70-0D5BDE5884CD}.Debug|Any CPU.Build.0 = Debug|Any CPU
		{7F0BC746-927B-483A-AA70-0D5BDE5884CD}.Debug|x64.ActiveCfg = Debug|Any CPU
		{7F0BC746-927B-483A-AA70-0D5BDE5884CD}.Debug|x64.Build.0 = Debug|Any CPU
		{7F0BC746-927B-483A-AA70-0D5BDE5884CD}.Debug|x86.ActiveCfg = Debug|Any CPU
		{7F0BC746-927B-483A-AA70-0D5BDE5884CD}.Debug|x86.Build.0 = Debug|Any CPU
		{7F0BC746-927B-483A-AA70-0D5BDE5884CD}.Release|Any CPU.ActiveCfg = Release|Any CPU
		{7F0BC746-927B-483A-AA70-0D5BDE5884CD}.Release|Any CPU.Build.0 = Release|Any CPU
		{7F0BC746-927B-483A-AA70-0D5BDE5884CD}.Release|x64.ActiveCfg = Release|Any CPU
		{7F0BC746-927B-483A-AA70-0D5BDE5884CD}.Release|x64.Build.0 = Release|Any CPU
		{7F0BC746-927B-483A-AA70-0D5BDE5884CD}.Release|x86.ActiveCfg = Release|Any CPU
		{7F0BC746-927B-483A-AA70-0D5BDE5884CD}.Release|x86.Build.0 = Release|Any CPU
		{24C1285F-99FE-4C71-8ECB-92EFC8FEE734}.Debug|Any CPU.ActiveCfg = Debug|Any CPU
		{24C1285F-99FE-4C71-8ECB-92EFC8FEE734}.Debug|Any CPU.Build.0 = Debug|Any CPU
		{24C1285F-99FE-4C71-8ECB-92EFC8FEE734}.Debug|x64.ActiveCfg = Debug|Any CPU
		{24C1285F-99FE-4C71-8ECB-92EFC8FEE734}.Debug|x64.Build.0 = Debug|Any CPU
		{24C1285F-99FE-4C71-8ECB-92EFC8FEE734}.Debug|x86.ActiveCfg = Debug|Any CPU
		{24C1285F-99FE-4C71-8ECB-92EFC8FEE734}.Debug|x86.Build.0 = Debug|Any CPU
		{24C1285F-99FE-4C71-8ECB-92EFC8FEE734}.Release|Any CPU.ActiveCfg = Release|Any CPU
		{24C1285F-99FE-4C71-8ECB-92EFC8FEE734}.Release|Any CPU.Build.0 = Release|Any CPU
		{24C1285F-99FE-4C71-8ECB-92EFC8FEE734}.Release|x64.ActiveCfg = Release|Any CPU
		{24C1285F-99FE-4C71-8ECB-92EFC8FEE734}.Release|x64.Build.0 = Release|Any CPU
		{24C1285F-99FE-4C71-8ECB-92EFC8FEE734}.Release|x86.ActiveCfg = Release|Any CPU
		{24C1285F-99FE-4C71-8ECB-92EFC8FEE734}.Release|x86.Build.0 = Release|Any CPU
		{4F5FBFC2-02B9-4D1B-83F5-CE57B1A26F73}.Debug|Any CPU.ActiveCfg = Debug|Any CPU
		{4F5FBFC2-02B9-4D1B-83F5-CE57B1A26F73}.Debug|Any CPU.Build.0 = Debug|Any CPU
		{4F5FBFC2-02B9-4D1B-83F5-CE57B1A26F73}.Debug|x64.ActiveCfg = Debug|Any CPU
		{4F5FBFC2-02B9-4D1B-83F5-CE57B1A26F73}.Debug|x64.Build.0 = Debug|Any CPU
		{4F5FBFC2-02B9-4D1B-83F5-CE57B1A26F73}.Debug|x86.ActiveCfg = Debug|Any CPU
		{4F5FBFC2-02B9-4D1B-83F5-CE57B1A26F73}.Debug|x86.Build.0 = Debug|Any CPU
		{4F5FBFC2-02B9-4D1B-83F5-CE57B1A26F73}.Release|Any CPU.ActiveCfg = Release|Any CPU
		{4F5FBFC2-02B9-4D1B-83F5-CE57B1A26F73}.Release|Any CPU.Build.0 = Release|Any CPU
		{4F5FBFC2-02B9-4D1B-83F5-CE57B1A26F73}.Release|x64.ActiveCfg = Release|Any CPU
		{4F5FBFC2-02B9-4D1B-83F5-CE57B1A26F73}.Release|x64.Build.0 = Release|Any CPU
		{4F5FBFC2-02B9-4D1B-83F5-CE57B1A26F73}.Release|x86.ActiveCfg = Release|Any CPU
		{4F5FBFC2-02B9-4D1B-83F5-CE57B1A26F73}.Release|x86.Build.0 = Release|Any CPU

	EndGlobalSection
	GlobalSection(SolutionProperties) = preSolution
		HideSolutionNode = FALSE
	EndGlobalSection
	GlobalSection(NestedProjects) = preSolution
		{2DC08396-ABDD-49BA-97A1-02DDFC5D224E} = {827E0CD3-B72D-47B6-A68D-7590B98EB39B}
		{50DE6977-D175-46EC-A511-B172064EB5E5} = {0AB3BF05-4346-4AA6-1389-037BE0695223}
		{EDF2D5D1-B216-4477-B942-9C9B6D960840} = {827E0CD3-B72D-47B6-A68D-7590B98EB39B}
		{7C5482A2-E98B-42AC-ACC1-5079B008F4FE} = {0AB3BF05-4346-4AA6-1389-037BE0695223}
		{F3E20B0D-CEED-F7C5-110D-E3294E5B36F3} = {B36A84DF-456D-A817-6EDD-3EC3E7F6E11F}
		{7F0BC746-927B-483A-AA70-0D5BDE5884CD} = {F3E20B0D-CEED-F7C5-110D-E3294E5B36F3}
		{B9F9C642-61C3-5B05-531A-4E500983DEBB} = {B36A84DF-456D-A817-6EDD-3EC3E7F6E11F}
		{24C1285F-99FE-4C71-8ECB-92EFC8FEE734} = {B9F9C642-61C3-5B05-531A-4E500983DEBB}
		{4F5FBFC2-02B9-4D1B-83F5-CE57B1A26F73} = {B36A84DF-456D-A817-6EDD-3EC3E7F6E11F}
		{88E0619D-1778-4A22-D5FD-70F62D1BAB21} = {B36A84DF-456D-A817-6EDD-3EC3E7F6E11F}

	EndGlobalSection
EndGlobal
